
Microsoft Visual Studio Solution File, Format Version 12.00
# Visual Studio Version 17
VisualStudioVersion = 17.9.34728.123
MinimumVisualStudioVersion = 10.0.40219.1
Project("{FAE04EC0-301F-11D3-BF4B-00C04F79EFBC}") = "Assignment5.2.4", "Assignment5.2.4.csproj", "{35003B1C-98FE-4BFE-8617-336EC20D76E5}"
EndProject
Global
	GlobalSection(SolutionConfigurationPlatforms) = preSolution
		Debug|Any CPU = Debug|Any CPU
		Release|Any CPU = Release|Any CPU
	EndGlobalSection
	GlobalSection(ProjectConfigurationPlatforms) = postSolution
		{35003B1C-98FE-4BFE-8617-336EC20D76E5}.Debug|Any CPU.ActiveCfg = Debug|Any CPU
		{35003B1C-98FE-4BFE-8617-336EC20D76E5}.Debug|Any CPU.Build.0 = Debug|Any CPU
		{35003B1C-98FE-4BFE-8617-336EC20D76E5}.Release|Any CPU.ActiveCfg = Release|Any CPU
		{35003B1C-98FE-4BFE-8617-336EC20D76E5}.Release|Any CPU.Build.0 = Release|Any CPU
	EndGlobalSection
	GlobalSection(SolutionProperties) = preSolution
		HideSolutionNode = FALSE
	EndGlobalSection
	GlobalSection(ExtensibilityGlobals) = postSolution
		SolutionGuid = {E57A04DD-7601-423D-93EB-CFC45874D5BF}
	EndGlobalSection
EndGlobal
